
Microsoft Visual Studio Solution File, Format Version 12.00
# Visual Studio Version 17
VisualStudioVersion = 17.0.32014.148
MinimumVisualStudioVersion = 10.0.40219.1
Project("{FAE04EC0-301F-11D3-BF4B-00C04F79EFBC}") = "CleanArchMvc.Domain", "CleanArchMvc.Domain\CleanArchMvc.Domain.csproj", "{8B1D1505-3C6A-4B54-BAC5-9670300D966B}"
EndProject
Project("{FAE04EC0-301F-11D3-BF4B-00C04F79EFBC}") = "CleanArchMvc.Application", "CleanArchMvc.Application\CleanArchMvc.Application.csproj", "{A13C6226-3923-4E85-A8C5-F5AFB9913272}"
EndProject
Project("{FAE04EC0-301F-11D3-BF4B-00C04F79EFBC}") = "CleanArchMvc.Infra.Data", "CleanArchMvc.Infra.Data\CleanArchMvc.Infra.Data.csproj", "{C0311D2B-1995-45D9-AA74-2C94D5AD0F9E}"
EndProject
Project("{FAE04EC0-301F-11D3-BF4B-00C04F79EFBC}") = "CleanArchMvc.Infra.IoC", "CleanArchMvc.Infra.IoC\CleanArchMvc.Infra.IoC.csproj", "{FAD6BEC9-7E53-46D2-967B-EA7898F561D1}"
EndProject
Project("{FAE04EC0-301F-11D3-BF4B-00C04F79EFBC}") = "CleanArchMvc.WebUI", "CleanArchMvc.WebUI\CleanArchMvc.WebUI.csproj", "{E81B5103-DCDB-4C2C-B9C7-51076E08BF82}"
EndProject
Global
	GlobalSection(SolutionConfigurationPlatforms) = preSolution
		Debug|Any CPU = Debug|Any CPU
		Release|Any CPU = Release|Any CPU
	EndGlobalSection
	GlobalSection(ProjectConfigurationPlatforms) = postSolution
		{8B1D1505-3C6A-4B54-BAC5-9670300D966B}.Debug|Any CPU.ActiveCfg = Debug|Any CPU
		{8B1D1505-3C6A-4B54-BAC5-9670300D966B}.Debug|Any CPU.Build.0 = Debug|Any CPU
		{8B1D1505-3C6A-4B54-BAC5-9670300D966B}.Release|Any CPU.ActiveCfg = Release|Any CPU
		{8B1D1505-3C6A-4B54-BAC5-9670300D966B}.Release|Any CPU.Build.0 = Release|Any CPU
		{A13C6226-3923-4E85-A8C5-F5AFB9913272}.Debug|Any CPU.ActiveCfg = Debug|Any CPU
		{A13C6226-3923-4E85-A8C5-F5AFB9913272}.Debug|Any CPU.Build.0 = Debug|Any CPU
		{A13C6226-3923-4E85-A8C5-F5AFB9913272}.Release|Any CPU.ActiveCfg = Release|Any CPU
		{A13C6226-3923-4E85-A8C5-F5AFB9913272}.Release|Any CPU.Build.0 = Release|Any CPU
		{C0311D2B-1995-45D9-AA74-2C94D5AD0F9E}.Debug|Any CPU.ActiveCfg = Debug|Any CPU
		{C0311D2B-1995-45D9-AA74-2C94D5AD0F9E}.Debug|Any CPU.Build.0 = Debug|Any CPU
		{C0311D2B-1995-45D9-AA74-2C94D5AD0F9E}.Release|Any CPU.ActiveCfg = Release|Any CPU
		{C0311D2B-1995-45D9-AA74-2C94D5AD0F9E}.Release|Any CPU.Build.0 = Release|Any CPU
		{FAD6BEC9-7E53-46D2-967B-EA7898F561D1}.Debug|Any CPU.ActiveCfg = Debug|Any CPU
		{FAD6BEC9-7E53-46D2-967B-EA7898F561D1}.Debug|Any CPU.Build.0 = Debug|Any CPU
		{FAD6BEC9-7E53-46D2-967B-EA7898F561D1}.Release|Any CPU.ActiveCfg = Release|Any CPU
		{FAD6BEC9-7E53-46D2-967B-EA7898F561D1}.Release|Any CPU.Build.0 = Release|Any CPU
		{E81B5103-DCDB-4C2C-B9C7-51076E08BF82}.Debug|Any CPU.ActiveCfg = Debug|Any CPU
		{E81B5103-DCDB-4C2C-B9C7-51076E08BF82}.Debug|Any CPU.Build.0 = Debug|Any CPU
		{E81B5103-DCDB-4C2C-B9C7-51076E08BF82}.Release|Any CPU.ActiveCfg = Release|Any CPU
		{E81B5103-DCDB-4C2C-B9C7-51076E08BF82}.Release|Any CPU.Build.0 = Release|Any CPU
	EndGlobalSection
	GlobalSection(SolutionProperties) = preSolution
		HideSolutionNode = FALSE
	EndGlobalSection
	GlobalSection(ExtensibilityGlobals) = postSolution
		SolutionGuid = {53B93FBC-DE10-4BEE-BF40-CA29CCF44814}
	EndGlobalSection
EndGlobal
